// !$*UTF8*$!
{
	archiveVersion = 1;
	classes = {
	};
	objectVersion = 46;
	objects = {

/* Begin PBXBuildFile section */
		2E0344AB1455F36D0034B397 /* UIKit.framework in Frameworks */ = {isa = PBXBuildFile; fileRef = 2E0344AA1455F36D0034B397 /* UIKit.framework */; };
		2E0344AD1455F36D0034B397 /* Foundation.framework in Frameworks */ = {isa = PBXBuildFile; fileRef = 2E0344AC1455F36D0034B397 /* Foundation.framework */; };
		2E0344AF1455F36D0034B397 /* CoreGraphics.framework in Frameworks */ = {isa = PBXBuildFile; fileRef = 2E0344AE1455F36D0034B397 /* CoreGraphics.framework */; };
		2E0344B11455F36D0034B397 /* GLKit.framework in Frameworks */ = {isa = PBXBuildFile; fileRef = 2E0344B01455F36D0034B397 /* GLKit.framework */; };
		2E0344B31455F36D0034B397 /* OpenGLES.framework in Frameworks */ = {isa = PBXBuildFile; fileRef = 2E0344B21455F36D0034B397 /* OpenGLES.framework */; };
		2E0344B91455F36D0034B397 /* InfoPlist.strings in Resources */ = {isa = PBXBuildFile; fileRef = 2E0344B71455F36D0034B397 /* InfoPlist.strings */; };
		2E0344BB1455F36D0034B397 /* main.m in Sources */ = {isa = PBXBuildFile; fileRef = 2E0344BA1455F36D0034B397 /* main.m */; };
		2E0344BF1455F36D0034B397 /* AppDelegate.m in Sources */ = {isa = PBXBuildFile; fileRef = 2E0344BE1455F36D0034B397 /* AppDelegate.m */; };
		2E0344C21455F36D0034B397 /* MainStoryboard.storyboard in Resources */ = {isa = PBXBuildFile; fileRef = 2E0344C01455F36D0034B397 /* MainStoryboard.storyboard */; };
		2E0344C41455F36D0034B397 /* Shader.fsh in Resources */ = {isa = PBXBuildFile; fileRef = 2E0344C31455F36D0034B397 /* Shader.fsh */; };
		2E0344C61455F36D0034B397 /* Shader.vsh in Resources */ = {isa = PBXBuildFile; fileRef = 2E0344C51455F36D0034B397 /* Shader.vsh */; };
		2E0344C91455F36D0034B397 /* ViewController.m in Sources */ = {isa = PBXBuildFile; fileRef = 2E0344C81455F36D0034B397 /* ViewController.m */; };
/* End PBXBuildFile section */

/* Begin PBXFileReference section */
		2E0344A61455F36D0034B397 /* Mars.app */ = {isa = PBXFileReference; explicitFileType = wrapper.application; includeInIndex = 0; path = Mars.app; sourceTree = BUILT_PRODUCTS_DIR; };
		2E0344AA1455F36D0034B397 /* UIKit.framework */ = {isa = PBXFileReference; lastKnownFileType = wrapper.framework; name = UIKit.framework; path = System/Library/Frameworks/UIKit.framework; sourceTree = SDKROOT; };
		2E0344AC1455F36D0034B397 /* Foundation.framework */ = {isa = PBXFileReference; lastKnownFileType = wrapper.framework; name = Foundation.framework; path = System/Library/Frameworks/Foundation.framework; sourceTree = SDKROOT; };
		2E0344AE1455F36D0034B397 /* CoreGraphics.framework */ = {isa = PBXFileReference; lastKnownFileType = wrapper.framework; name = CoreGraphics.framework; path = System/Library/Frameworks/CoreGraphics.framework; sourceTree = SDKROOT; };
		2E0344B01455F36D0034B397 /* GLKit.framework */ = {isa = PBXFileReference; lastKnownFileType = wrapper.framework; name = GLKit.framework; path = System/Library/Frameworks/GLKit.framework; sourceTree = SDKROOT; };
		2E0344B21455F36D0034B397 /* OpenGLES.framework */ = {isa = PBXFileReference; lastKnownFileType = wrapper.framework; name = OpenGLES.framework; path = System/Library/Frameworks/OpenGLES.framework; sourceTree = SDKROOT; };
		2E0344B61455F36D0034B397 /* Mars-Info.plist */ = {isa = PBXFileReference; path = "Mars-Info.plist"; sourceTree = "<group>"; };
		2E0344B81455F36D0034B397 /* en */ = {isa = PBXFileReference; lastKnownFileType = text.plist.strings; name = en; path = en.lproj/InfoPlist.strings; sourceTree = "<group>"; };
		2E0344BA1455F36D0034B397 /* main.m */ = {isa = PBXFileReference; lastKnownFileType = sourcecode.c.objc; path = main.m; sourceTree = "<group>"; };
		2E0344BC1455F36D0034B397 /* Mars-Prefix.pch */ = {isa = PBXFileReference; path = "Mars-Prefix.pch"; sourceTree = "<group>"; };
		2E0344BD1455F36D0034B397 /* AppDelegate.h */ = {isa = PBXFileReference; path = AppDelegate.h; sourceTree = "<group>"; };
		2E0344BE1455F36D0034B397 /* AppDelegate.m */ = {isa = PBXFileReference; lastKnownFileType = sourcecode.c.objc; path = AppDelegate.m; sourceTree = "<group>"; };
		2E0344C11455F36D0034B397 /* en */ = {isa = PBXFileReference; lastKnownFileType = file.storyboard; name = en; path = en.lproj/MainStoryboard.storyboard; sourceTree = "<group>"; };
		2E0344C31455F36D0034B397 /* Shader.fsh */ = {isa = PBXFileReference; lastKnownFileType = sourcecode.glsl; name = Shader.fsh; path = Shaders/Shader.fsh; sourceTree = "<group>"; };
		2E0344C51455F36D0034B397 /* Shader.vsh */ = {isa = PBXFileReference; lastKnownFileType = sourcecode.glsl; name = Shader.vsh; path = Shaders/Shader.vsh; sourceTree = "<group>"; };
		2E0344C71455F36D0034B397 /* ViewController.h */ = {isa = PBXFileReference; path = ViewController.h; sourceTree = "<group>"; };
		2E0344C81455F36D0034B397 /* ViewController.m */ = {isa = PBXFileReference; lastKnownFileType = sourcecode.c.objc; path = ViewController.m; sourceTree = "<group>"; };
/* End PBXFileReference section */

/* Begin PBXFrameworksBuildPhase section */
		2E0344A31455F36D0034B397 /* Frameworks */ = {
			isa = PBXFrameworksBuildPhase;
			buildActionMask = 2147483647;
			files = (
				2E0344AB1455F36D0034B397 /* UIKit.framework in Frameworks */,
				2E0344AD1455F36D0034B397 /* Foundation.framework in Frameworks */,
				2E0344AF1455F36D0034B397 /* CoreGraphics.framework in Frameworks */,
				2E0344B11455F36D0034B397 /* GLKit.framework in Frameworks */,
				2E0344B31455F36D0034B397 /* OpenGLES.framework in Frameworks */,
			);
			runOnlyForDeploymentPostprocessing = 0;
		};
/* End PBXFrameworksBuildPhase section */

/* Begin PBXGroup section */
		2E03449B1455F36D0034B397 = {
			isa = PBXGroup;
			children = (
				2E0344B41455F36D0034B397 /* Mars */,
				2E0344A91455F36D0034B397 /* Frameworks */,
				2E0344A71455F36D0034B397 /* Products */,
			);
			sourceTree = "<group>";
		};
		2E0344A71455F36D0034B397 /* Products */ = {
			isa = PBXGroup;
			children = (
				2E0344A61455F36D0034B397 /* Mars.app */,
			);
			name = Products;
			sourceTree = "<group>";
		};
		2E0344A91455F36D0034B397 /* Frameworks */ = {
			isa = PBXGroup;
			children = (
				2E0344AA1455F36D0034B397 /* UIKit.framework */,
				2E0344AC1455F36D0034B397 /* Foundation.framework */,
				2E0344AE1455F36D0034B397 /* CoreGraphics.framework */,
				2E0344B01455F36D0034B397 /* GLKit.framework */,
				2E0344B21455F36D0034B397 /* OpenGLES.framework */,
			);
			name = Frameworks;
			sourceTree = "<group>";
		};
		2E0344B41455F36D0034B397 /* Mars */ = {
			isa = PBXGroup;
			children = (
				2E0344BD1455F36D0034B397 /* AppDelegate.h */,
				2E0344BE1455F36D0034B397 /* AppDelegate.m */,
				2E0344C01455F36D0034B397 /* MainStoryboard.storyboard */,
				2E0344C31455F36D0034B397 /* Shader.fsh */,
				2E0344C51455F36D0034B397 /* Shader.vsh */,
				2E0344C71455F36D0034B397 /* ViewController.h */,
				2E0344C81455F36D0034B397 /* ViewController.m */,
				2E0344B51455F36D0034B397 /* Supporting Files */,
			);
			path = Mars;
			sourceTree = "<group>";
		};
		2E0344B51455F36D0034B397 /* Supporting Files */ = {
			isa = PBXGroup;
			children = (
				2E0344B61455F36D0034B397 /* Mars-Info.plist */,
				2E0344B71455F36D0034B397 /* InfoPlist.strings */,
				2E0344BA1455F36D0034B397 /* main.m */,
				2E0344BC1455F36D0034B397 /* Mars-Prefix.pch */,
			);
			name = "Supporting Files";
			sourceTree = "<group>";
		};
/* End PBXGroup section */

/* Begin PBXNativeTarget section */
		2E0344A51455F36D0034B397 /* Mars */ = {
			isa = PBXNativeTarget;
			buildConfigurationList = 2E0344CC1455F36E0034B397 /* Build configuration list for PBXNativeTarget "Mars" */;
			buildPhases = (
				2E0344A21455F36D0034B397 /* Sources */,
				2E0344A31455F36D0034B397 /* Frameworks */,
				2E0344A41455F36D0034B397 /* Resources */,
			);
			buildRules = (
			);
			dependencies = (
			);
			name = Mars;
			productName = Mars;
			productReference = 2E0344A61455F36D0034B397 /* Mars.app */;
			productType = "com.apple.product-type.application";
		};
/* End PBXNativeTarget section */

/* Begin PBXProject section */
		2E03449D1455F36D0034B397 /* Project object */ = {
			isa = PBXProject;
			attributes = {
				LastUpgradeCheck = 0420;
			};
			buildConfigurationList = 2E0344A01455F36D0034B397 /* Build configuration list for PBXProject "Mars" */;
			compatibilityVersion = "Xcode 3.2";
			developmentRegion = English;
			hasScannedForEncodings = 0;
			knownRegions = (
				en,
			);
			mainGroup = 2E03449B1455F36D0034B397;
			productRefGroup = 2E0344A71455F36D0034B397 /* Products */;
			projectDirPath = "";
			projectRoot = "";
			targets = (
				2E0344A51455F36D0034B397 /* Mars */,
			);
		};
/* End PBXProject section */

/* Begin PBXResourcesBuildPhase section */
		2E0344A41455F36D0034B397 /* Resources */ = {
			isa = PBXResourcesBuildPhase;
			buildActionMask = 2147483647;
			files = (
				2E0344B91455F36D0034B397 /* InfoPlist.strings in Resources */,
				2E0344C21455F36D0034B397 /* MainStoryboard.storyboard in Resources */,
				2E0344C41455F36D0034B397 /* Shader.fsh in Resources */,
				2E0344C61455F36D0034B397 /* Shader.vsh in Resources */,
			);
			runOnlyForDeploymentPostprocessing = 0;
		};
/* End PBXResourcesBuildPhase section */

/* Begin PBXSourcesBuildPhase section */
		2E0344A21455F36D0034B397 /* Sources */ = {
			isa = PBXSourcesBuildPhase;
			buildActionMask = 2147483647;
			files = (
				2E0344BB1455F36D0034B397 /* main.m in Sources */,
				2E0344BF1455F36D0034B397 /* AppDelegate.m in Sources */,
				2E0344C91455F36D0034B397 /* ViewController.m in Sources */,
			);
			runOnlyForDeploymentPostprocessing = 0;
		};
/* End PBXSourcesBuildPhase section */

/* Begin PBXVariantGroup section */
		2E0344B71455F36D0034B397 /* InfoPlist.strings */ = {
			isa = PBXVariantGroup;
			children = (
				2E0344B81455F36D0034B397 /* en */,
			);
			name = InfoPlist.strings;
			sourceTree = "<group>";
		};
		2E0344C01455F36D0034B397 /* MainStoryboard.storyboard */ = {
			isa = PBXVariantGroup;
			children = (
				2E0344C11455F36D0034B397 /* en */,
			);
			name = MainStoryboard.storyboard;
			sourceTree = "<group>";
		};
/* End PBXVariantGroup section */

/* Begin XCBuildConfiguration section */
		2E0344CA1455F36D0034B397 /* Debug */ = {
			isa = XCBuildConfiguration;
			buildSettings = {
				ALWAYS_SEARCH_USER_PATHS = NO;
				ARCHS = "$(ARCHS_STANDARD_32_BIT)";
				CLANG_ENABLE_OBJC_ARC = YES;
				"CODE_SIGN_IDENTITY[sdk=iphoneos*]" = "iPhone Developer";
				COPY_PHASE_STRIP = NO;
				GCC_C_LANGUAGE_STANDARD = gnu99;
				GCC_DYNAMIC_NO_PIC = NO;
				GCC_OPTIMIZATION_LEVEL = 0;
				GCC_PREPROCESSOR_DEFINITIONS = (
					"DEBUG=1",
					"$(inherited)",
				);
				GCC_SYMBOLS_PRIVATE_EXTERN = NO;
				GCC_VERSION = com.apple.compilers.llvm.clang.1_0;
				GCC_WARN_ABOUT_MISSING_PROTOTYPES = YES;
				GCC_WARN_ABOUT_RETURN_TYPE = YES;
				GCC_WARN_UNUSED_VARIABLE = YES;
				IPHONEOS_DEPLOYMENT_TARGET = 5.0;
				SDKROOT = iphoneos;
			};
			name = Debug;
		};
		2E0344CB1455F36D0034B397 /* Release */ = {
			isa = XCBuildConfiguration;
			buildSettings = {
				ALWAYS_SEARCH_USER_PATHS = NO;
				ARCHS = "$(ARCHS_STANDARD_32_BIT)";
				CLANG_ENABLE_OBJC_ARC = YES;
				"CODE_SIGN_IDENTITY[sdk=iphoneos*]" = "iPhone Developer";
				COPY_PHASE_STRIP = YES;
				GCC_C_LANGUAGE_STANDARD = gnu99;
				GCC_VERSION = com.apple.compilers.llvm.clang.1_0;
				GCC_WARN_ABOUT_MISSING_PROTOTYPES = YES;
				GCC_WARN_ABOUT_RETURN_TYPE = YES;
				GCC_WARN_UNUSED_VARIABLE = YES;
				IPHONEOS_DEPLOYMENT_TARGET = 5.0;
				OTHER_CFLAGS = "-DNS_BLOCK_ASSERTIONS=1";
				SDKROOT = iphoneos;
				VALIDATE_PRODUCT = YES;
			};
			name = Release;
		};
		2E0344CD1455F36E0034B397 /* Debug */ = {
			isa = XCBuildConfiguration;
			buildSettings = {
				GCC_PRECOMPILE_PREFIX_HEADER = YES;
				GCC_PREFIX_HEADER = "Mars/Mars-Prefix.pch";
				"GCC_THUMB_SUPPORT[arch=armv6]" = "";
				INFOPLIST_FILE = "Mars/Mars-Info.plist";
				PRODUCT_NAME = "$(TARGET_NAME)";
				WRAPPER_EXTENSION = app;
			};
			name = Debug;
		};
		2E0344CE1455F36E0034B397 /* Release */ = {
			isa = XCBuildConfiguration;
			buildSettings = {
				GCC_PRECOMPILE_PREFIX_HEADER = YES;
				GCC_PREFIX_HEADER = "Mars/Mars-Prefix.pch";
				"GCC_THUMB_SUPPORT[arch=armv6]" = "";
				INFOPLIST_FILE = "Mars/Mars-Info.plist";
				PRODUCT_NAME = "$(TARGET_NAME)";
				WRAPPER_EXTENSION = app;
			};
			name = Release;
		};
/* End XCBuildConfiguration section */

/* Begin XCConfigurationList section */
		2E0344A01455F36D0034B397 /* Build configuration list for PBXProject "Mars" */ = {
			isa = XCConfigurationList;
			buildConfigurations = (
				2E0344CA1455F36D0034B397 /* Debug */,
				2E0344CB1455F36D0034B397 /* Release */,
			);
			defaultConfigurationIsVisible = 0;
			defaultConfigurationName = Release;
		};
		2E0344CC1455F36E0034B397 /* Build configuration list for PBXNativeTarget "Mars" */ = {
			isa = XCConfigurationList;
			buildConfigurations = (
				2E0344CD1455F36E0034B397 /* Debug */,
				2E0344CE1455F36E0034B397 /* Release */,
			);
			defaultConfigurationIsVisible = 0;
		};
/* End XCConfigurationList section */
	};
	rootObject = 2E03449D1455F36D0034B397 /* Project object */;
}
